{
  "nodes": {
    "lefthook": {
      "inputs": {
        "nixpkgs": [
          "nixpkgs"
        ]
      },
      "locked": {
        "lastModified": 1743329920,
        "narHash": "sha256-rj8R9moulDQ8alim20/0tkip9VfPsTr17aHE+HaauiE=",
        "owner": "sudosubin",
        "repo": "lefthook.nix",
        "rev": "39a1d30c93239a82529965684f1b2aa7b808091b",
        "type": "github"
      },
      "original": {
        "owner": "sudosubin",
        "repo": "lefthook.nix",
        "type": "github"
      }
    },
    "nixpkgs": {
      "locked": {
        "lastModified": 1743298703,
        "narHash": "sha256-Q9LyN7Bm4LIvXNNRaMg7WAaZr8Jh3FJI/qNAVuUJXHI=",
        "owner": "nixos",
        "repo": "nixpkgs",
        "rev": "9eb0e7f29dcae57c21536867c1a3a50e744a1fce",
        "type": "github"
      },
      "original": {
        "owner": "nixos",
        "ref": "nixos-unstable-small",
        "repo": "nixpkgs",
        "type": "github"
      }
    },
    "root": {
      "inputs": {
        "lefthook": "lefthook",
        "nixpkgs": "nixpkgs"
      }
    }
  },
  "root": "root",
  "version": 7
}
